// !$*UTF8*$!
{
	archiveVersion = 1;
	classes = {
	};
	objectVersion = 50;
	objects = {

/* Begin PBXBuildFile section */
		42E031652215BFED0098034E /* postAlamofireVC.swift in Sources */ = {isa = PBXBuildFile; fileRef = 42E031642215BFED0098034E /* postAlamofireVC.swift */; };
		42E03169221617080098034E /* postURLSesionVC.swift in Sources */ = {isa = PBXBuildFile; fileRef = 42E03168221617080098034E /* postURLSesionVC.swift */; };
		4FC64A672215248800C60813 /* AppDelegate.swift in Sources */ = {isa = PBXBuildFile; fileRef = 4FC64A662215248800C60813 /* AppDelegate.swift */; };
		4FC64A6C2215248800C60813 /* Main.storyboard in Resources */ = {isa = PBXBuildFile; fileRef = 4FC64A6A2215248800C60813 /* Main.storyboard */; };
		4FC64A6E2215248A00C60813 /* Assets.xcassets in Resources */ = {isa = PBXBuildFile; fileRef = 4FC64A6D2215248A00C60813 /* Assets.xcassets */; };
		4FC64A712215248A00C60813 /* LaunchScreen.storyboard in Resources */ = {isa = PBXBuildFile; fileRef = 4FC64A6F2215248A00C60813 /* LaunchScreen.storyboard */; };
		4FC64A7B221524B600C60813 /* methodMenu.swift in Sources */ = {isa = PBXBuildFile; fileRef = 4FC64A78221524B600C60813 /* methodMenu.swift */; };
		4FC64A7D221524B600C60813 /* getAlamofireVC.swift in Sources */ = {isa = PBXBuildFile; fileRef = 4FC64A7A221524B600C60813 /* getAlamofireVC.swift */; };
		4FECB5742216635F006516B2 /* getURLSesionVC.swift in Sources */ = {isa = PBXBuildFile; fileRef = 4FECB5732216635F006516B2 /* getURLSesionVC.swift */; };
		8DF52B522937219AA4FB0497 /* Pods_CallingRestServices.framework in Frameworks */ = {isa = PBXBuildFile; fileRef = 2482A072CE6AE4E31AECCD15 /* Pods_CallingRestServices.framework */; };
/* End PBXBuildFile section */

/* Begin PBXFileReference section */
		2482A072CE6AE4E31AECCD15 /* Pods_CallingRestServices.framework */ = {isa = PBXFileReference; explicitFileType = wrapper.framework; includeInIndex = 0; path = Pods_CallingRestServices.framework; sourceTree = BUILT_PRODUCTS_DIR; };
		42E031642215BFED0098034E /* postAlamofireVC.swift */ = {isa = PBXFileReference; lastKnownFileType = sourcecode.swift; path = postAlamofireVC.swift; sourceTree = "<group>"; };
		42E03168221617080098034E /* postURLSesionVC.swift */ = {isa = PBXFileReference; lastKnownFileType = sourcecode.swift; path = postURLSesionVC.swift; sourceTree = "<group>"; };
		4FC64A632215248800C60813 /* CallingRestServices.app */ = {isa = PBXFileReference; explicitFileType = wrapper.application; includeInIndex = 0; path = CallingRestServices.app; sourceTree = BUILT_PRODUCTS_DIR; };
		4FC64A662215248800C60813 /* AppDelegate.swift */ = {isa = PBXFileReference; lastKnownFileType = sourcecode.swift; path = AppDelegate.swift; sourceTree = "<group>"; };
		4FC64A6B2215248800C60813 /* Base */ = {isa = PBXFileReference; lastKnownFileType = file.storyboard; name = Base; path = Base.lproj/Main.storyboard; sourceTree = "<group>"; };
		4FC64A6D2215248A00C60813 /* Assets.xcassets */ = {isa = PBXFileReference; lastKnownFileType = folder.assetcatalog; path = Assets.xcassets; sourceTree = "<group>"; };
		4FC64A702215248A00C60813 /* Base */ = {isa = PBXFileReference; lastKnownFileType = file.storyboard; name = Base; path = Base.lproj/LaunchScreen.storyboard; sourceTree = "<group>"; };
		4FC64A722215248A00C60813 /* Info.plist */ = {isa = PBXFileReference; lastKnownFileType = text.plist.xml; path = Info.plist; sourceTree = "<group>"; };
		4FC64A78221524B600C60813 /* methodMenu.swift */ = {isa = PBXFileReference; fileEncoding = 4; lastKnownFileType = sourcecode.swift; path = methodMenu.swift; sourceTree = "<group>"; };
		4FC64A7A221524B600C60813 /* getAlamofireVC.swift */ = {isa = PBXFileReference; fileEncoding = 4; lastKnownFileType = sourcecode.swift; path = getAlamofireVC.swift; sourceTree = "<group>"; };
		4FECB5732216635F006516B2 /* getURLSesionVC.swift */ = {isa = PBXFileReference; fileEncoding = 4; lastKnownFileType = sourcecode.swift; path = getURLSesionVC.swift; sourceTree = "<group>"; };
		5B81902F34D456693788F69A /* Pods-CallingRestServices.release.xcconfig */ = {isa = PBXFileReference; includeInIndex = 1; lastKnownFileType = text.xcconfig; name = "Pods-CallingRestServices.release.xcconfig"; path = "Target Support Files/Pods-CallingRestServices/Pods-CallingRestServices.release.xcconfig"; sourceTree = "<group>"; };
		D9ABFA614071D2E805FE3AA6 /* Pods-CallingRestServices.debug.xcconfig */ = {isa = PBXFileReference; includeInIndex = 1; lastKnownFileType = text.xcconfig; name = "Pods-CallingRestServices.debug.xcconfig"; path = "Target Support Files/Pods-CallingRestServices/Pods-CallingRestServices.debug.xcconfig"; sourceTree = "<group>"; };
/* End PBXFileReference section */

/* Begin PBXFrameworksBuildPhase section */
		4FC64A602215248800C60813 /* Frameworks */ = {
			isa = PBXFrameworksBuildPhase;
			buildActionMask = 2147483647;
			files = (
				8DF52B522937219AA4FB0497 /* Pods_CallingRestServices.framework in Frameworks */,
			);
			runOnlyForDeploymentPostprocessing = 0;
		};
/* End PBXFrameworksBuildPhase section */

/* Begin PBXGroup section */
		0ACABF24E4C069C6B628287E /* Pods */ = {
			isa = PBXGroup;
			children = (
				D9ABFA614071D2E805FE3AA6 /* Pods-CallingRestServices.debug.xcconfig */,
				5B81902F34D456693788F69A /* Pods-CallingRestServices.release.xcconfig */,
			);
			path = Pods;
			sourceTree = "<group>";
		};
		24340BC6459D76278B1A175A /* Frameworks */ = {
			isa = PBXGroup;
			children = (
				2482A072CE6AE4E31AECCD15 /* Pods_CallingRestServices.framework */,
			);
			name = Frameworks;
			sourceTree = "<group>";
		};
		4FC64A5A2215248800C60813 = {
			isa = PBXGroup;
			children = (
				4FC64A652215248800C60813 /* CallingRestServices */,
				4FC64A642215248800C60813 /* Products */,
				0ACABF24E4C069C6B628287E /* Pods */,
				24340BC6459D76278B1A175A /* Frameworks */,
			);
			sourceTree = "<group>";
		};
		4FC64A642215248800C60813 /* Products */ = {
			isa = PBXGroup;
			children = (
				4FC64A632215248800C60813 /* CallingRestServices.app */,
			);
			name = Products;
			sourceTree = "<group>";
		};
		4FC64A652215248800C60813 /* CallingRestServices */ = {
			isa = PBXGroup;
			children = (
				4FC64A662215248800C60813 /* AppDelegate.swift */,
				4FC64A6D2215248A00C60813 /* Assets.xcassets */,
				4FC64A6F2215248A00C60813 /* LaunchScreen.storyboard */,
				4FC64A722215248A00C60813 /* Info.plist */,
				4FC64A6A2215248800C60813 /* Main.storyboard */,
				42E03168221617080098034E /* postURLSesionVC.swift */,
				4FECB5732216635F006516B2 /* getURLSesionVC.swift */,
				42E031642215BFED0098034E /* postAlamofireVC.swift */,
				4FC64A7A221524B600C60813 /* getAlamofireVC.swift */,
				4FC64A78221524B600C60813 /* methodMenu.swift */,
			);
			path = CallingRestServices;
			sourceTree = "<group>";
		};
/* End PBXGroup section */

/* Begin PBXNativeTarget section */
		4FC64A622215248800C60813 /* CallingRestServices */ = {
			isa = PBXNativeTarget;
			buildConfigurationList = 4FC64A752215248A00C60813 /* Build configuration list for PBXNativeTarget "CallingRestServices" */;
			buildPhases = (
				713F85508E598CBEB989635E /* [CP] Check Pods Manifest.lock */,
				4FC64A5F2215248800C60813 /* Sources */,
				4FC64A602215248800C60813 /* Frameworks */,
				4FC64A612215248800C60813 /* Resources */,
				F5D60664A04E43838114B55C /* [CP] Embed Pods Frameworks */,
			);
			buildRules = (
			);
			dependencies = (
			);
			name = CallingRestServices;
			productName = CallingRestServices;
			productReference = 4FC64A632215248800C60813 /* CallingRestServices.app */;
			productType = "com.apple.product-type.application";
		};
/* End PBXNativeTarget section */

/* Begin PBXProject section */
		4FC64A5B2215248800C60813 /* Project object */ = {
			isa = PBXProject;
			attributes = {
				LastSwiftUpdateCheck = 1010;
				LastUpgradeCheck = 1010;
				ORGANIZATIONNAME = Sme.Angeles;
				TargetAttributes = {
					4FC64A622215248800C60813 = {
						CreatedOnToolsVersion = 10.1;
					};
				};
			};
			buildConfigurationList = 4FC64A5E2215248800C60813 /* Build configuration list for PBXProject "CallingRestServices" */;
			compatibilityVersion = "Xcode 9.3";
			developmentRegion = en;
			hasScannedForEncodings = 0;
			knownRegions = (
				en,
				Base,
			);
			mainGroup = 4FC64A5A2215248800C60813;
			productRefGroup = 4FC64A642215248800C60813 /* Products */;
			projectDirPath = "";
			projectRoot = "";
			targets = (
				4FC64A622215248800C60813 /* CallingRestServices */,
			);
		};
/* End PBXProject section */

/* Begin PBXResourcesBuildPhase section */
		4FC64A612215248800C60813 /* Resources */ = {
			isa = PBXResourcesBuildPhase;
			buildActionMask = 2147483647;
			files = (
				4FC64A712215248A00C60813 /* LaunchScreen.storyboard in Resources */,
				4FC64A6E2215248A00C60813 /* Assets.xcassets in Resources */,
				4FC64A6C2215248800C60813 /* Main.storyboard in Resources */,
			);
			runOnlyForDeploymentPostprocessing = 0;
		};
/* End PBXResourcesBuildPhase section */

/* Begin PBXShellScriptBuildPhase section */
		713F85508E598CBEB989635E /* [CP] Check Pods Manifest.lock */ = {
			isa = PBXShellScriptBuildPhase;
			buildActionMask = 2147483647;
			files = (
			);
			inputFileListPaths = (
			);
			inputPaths = (
				"${PODS_PODFILE_DIR_PATH}/Podfile.lock",
				"${PODS_ROOT}/Manifest.lock",
			);
			name = "[CP] Check Pods Manifest.lock";
			outputFileListPaths = (
			);
			outputPaths = (
				"$(DERIVED_FILE_DIR)/Pods-CallingRestServices-checkManifestLockResult.txt",
			);
			runOnlyForDeploymentPostprocessing = 0;
			shellPath = /bin/sh;
			shellScript = "diff \"${PODS_PODFILE_DIR_PATH}/Podfile.lock\" \"${PODS_ROOT}/Manifest.lock\" > /dev/null\nif [ $? != 0 ] ; then\n    # print error to STDERR\n    echo \"error: The sandbox is not in sync with the Podfile.lock. Run 'pod install' or update your CocoaPods installation.\" >&2\n    exit 1\nfi\n# This output is used by Xcode 'outputs' to avoid re-running this script phase.\necho \"SUCCESS\" > \"${SCRIPT_OUTPUT_FILE_0}\"\n";
			showEnvVarsInLog = 0;
		};
		F5D60664A04E43838114B55C /* [CP] Embed Pods Frameworks */ = {
			isa = PBXShellScriptBuildPhase;
			buildActionMask = 2147483647;
			files = (
			);
			inputFileListPaths = (
			);
			inputPaths = (
				"${PODS_ROOT}/Target Support Files/Pods-CallingRestServices/Pods-CallingRestServices-frameworks.sh",
				"${BUILT_PRODUCTS_DIR}/Alamofire/Alamofire.framework",
				"${BUILT_PRODUCTS_DIR}/SwiftyJSON/SwiftyJSON.framework",
			);
			name = "[CP] Embed Pods Frameworks";
			outputFileListPaths = (
			);
			outputPaths = (
				"${TARGET_BUILD_DIR}/${FRAMEWORKS_FOLDER_PATH}/Alamofire.framework",
				"${TARGET_BUILD_DIR}/${FRAMEWORKS_FOLDER_PATH}/SwiftyJSON.framework",
			);
			runOnlyForDeploymentPostprocessing = 0;
			shellPath = /bin/sh;
			shellScript = "\"${PODS_ROOT}/Target Support Files/Pods-CallingRestServices/Pods-CallingRestServices-frameworks.sh\"\n";
			showEnvVarsInLog = 0;
		};
/* End PBXShellScriptBuildPhase section */

/* Begin PBXSourcesBuildPhase section */
		4FC64A5F2215248800C60813 /* Sources */ = {
			isa = PBXSourcesBuildPhase;
			buildActionMask = 2147483647;
			files = (
				42E03169221617080098034E /* postURLSesionVC.swift in Sources */,
				4FC64A7D221524B600C60813 /* getAlamofireVC.swift in Sources */,
				4FC64A672215248800C60813 /* AppDelegate.swift in Sources */,
				4FC64A7B221524B600C60813 /* methodMenu.swift in Sources */,
				4FECB5742216635F006516B2 /* getURLSesionVC.swift in Sources */,
				42E031652215BFED0098034E /* postAlamofireVC.swift in Sources */,
			);
			runOnlyForDeploymentPostprocessing = 0;
		};
/* End PBXSourcesBuildPhase section */

/* Begin PBXVariantGroup section */
		4FC64A6A2215248800C60813 /* Main.storyboard */ = {
			isa = PBXVariantGroup;
			children = (
				4FC64A6B2215248800C60813 /* Base */,
			);
			name = Main.storyboard;
			sourceTree = "<group>";
		};
		4FC64A6F2215248A00C60813 /* LaunchScreen.storyboard */ = {
			isa = PBXVariantGroup;
			children = (
				4FC64A702215248A00C60813 /* Base */,
			);
			name = LaunchScreen.storyboard;
			sourceTree = "<group>";
		};
/* End PBXVariantGroup section */

/* Begin XCBuildConfiguration section */
		4FC64A732215248A00C60813 /* Debug */ = {
			isa = XCBuildConfiguration;
			buildSettings = {
				ALWAYS_SEARCH_USER_PATHS = NO;
				CLANG_ANALYZER_NONNULL = YES;
				CLANG_ANALYZER_NUMBER_OBJECT_CONVERSION = YES_AGGRESSIVE;
				CLANG_CXX_LANGUAGE_STANDARD = "gnu++14";
				CLANG_CXX_LIBRARY = "libc++";
				CLANG_ENABLE_MODULES = YES;
				CLANG_ENABLE_OBJC_ARC = YES;
				CLANG_ENABLE_OBJC_WEAK = YES;
				CLANG_WARN_BLOCK_CAPTURE_AUTORELEASING = YES;
				CLANG_WARN_BOOL_CONVERSION = YES;
				CLANG_WARN_COMMA = YES;
				CLANG_WARN_CONSTANT_CONVERSION = YES;
				CLANG_WARN_DEPRECATED_OBJC_IMPLEMENTATIONS = YES;
				CLANG_WARN_DIRECT_OBJC_ISA_USAGE = YES_ERROR;
				CLANG_WARN_DOCUMENTATION_COMMENTS = YES;
				CLANG_WARN_EMPTY_BODY = YES;
				CLANG_WARN_ENUM_CONVERSION = YES;
				CLANG_WARN_INFINITE_RECURSION = YES;
				CLANG_WARN_INT_CONVERSION = YES;
				CLANG_WARN_NON_LITERAL_NULL_CONVERSION = YES;
				CLANG_WARN_OBJC_IMPLICIT_RETAIN_SELF = YES;
				CLANG_WARN_OBJC_LITERAL_CONVERSION = YES;
				CLANG_WARN_OBJC_ROOT_CLASS = YES_ERROR;
				CLANG_WARN_RANGE_LOOP_ANALYSIS = YES;
				CLANG_WARN_STRICT_PROTOTYPES = YES;
				CLANG_WARN_SUSPICIOUS_MOVE = YES;
				CLANG_WARN_UNGUARDED_AVAILABILITY = YES_AGGRESSIVE;
				CLANG_WARN_UNREACHABLE_CODE = YES;
				CLANG_WARN__DUPLICATE_METHOD_MATCH = YES;
				CODE_SIGN_IDENTITY = "iPhone Developer";
				COPY_PHASE_STRIP = NO;
				DEBUG_INFORMATION_FORMAT = dwarf;
				ENABLE_STRICT_OBJC_MSGSEND = YES;
				ENABLE_TESTABILITY = YES;
				GCC_C_LANGUAGE_STANDARD = gnu11;
				GCC_DYNAMIC_NO_PIC = NO;
				GCC_NO_COMMON_BLOCKS = YES;
				GCC_OPTIMIZATION_LEVEL = 0;
				GCC_PREPROCESSOR_DEFINITIONS = (
					"DEBUG=1",
					"$(inherited)",
				);
				GCC_WARN_64_TO_32_BIT_CONVERSION = YES;
				GCC_WARN_ABOUT_RETURN_TYPE = YES_ERROR;
				GCC_WARN_UNDECLARED_SELECTOR = YES;
				GCC_WARN_UNINITIALIZED_AUTOS = YES_AGGRESSIVE;
				GCC_WARN_UNUSED_FUNCTION = YES;
				GCC_WARN_UNUSED_VARIABLE = YES;
				IPHONEOS_DEPLOYMENT_TARGET = 12.1;
				MTL_ENABLE_DEBUG_INFO = INCLUDE_SOURCE;
				MTL_FAST_MATH = YES;
				ONLY_ACTIVE_ARCH = YES;
				SDKROOT = iphoneos;
				SWIFT_ACTIVE_COMPILATION_CONDITIONS = DEBUG;
				SWIFT_OPTIMIZATION_LEVEL = "-Onone";
			};
			name = Debug;
		};
		4FC64A742215248A00C60813 /* Release */ = {
			isa = XCBuildConfiguration;
			buildSettings = {
				ALWAYS_SEARCH_USER_PATHS = NO;
				CLANG_ANALYZER_NONNULL = YES;
				CLANG_ANALYZER_NUMBER_OBJECT_CONVERSION = YES_AGGRESSIVE;
				CLANG_CXX_LANGUAGE_STANDARD = "gnu++14";
				CLANG_CXX_LIBRARY = "libc++";
				CLANG_ENABLE_MODULES = YES;
				CLANG_ENABLE_OBJC_ARC = YES;
				CLANG_ENABLE_OBJC_WEAK = YES;
				CLANG_WARN_BLOCK_CAPTURE_AUTORELEASING = YES;
				CLANG_WARN_BOOL_CONVERSION = YES;
				CLANG_WARN_COMMA = YES;
				CLANG_WARN_CONSTANT_CONVERSION = YES;
				CLANG_WARN_DEPRECATED_OBJC_IMPLEMENTATIONS = YES;
				CLANG_WARN_DIRECT_OBJC_ISA_USAGE = YES_ERROR;
				CLANG_WARN_DOCUMENTATION_COMMENTS = YES;
				CLANG_WARN_EMPTY_BODY = YES;
				CLANG_WARN_ENUM_CONVERSION = YES;
				CLANG_WARN_INFINITE_RECURSION = YES;
				CLANG_WARN_INT_CONVERSION = YES;
				CLANG_WARN_NON_LITERAL_NULL_CONVERSION = YES;
				CLANG_WARN_OBJC_IMPLICIT_RETAIN_SELF = YES;
				CLANG_WARN_OBJC_LITERAL_CONVERSION = YES;
				CLANG_WARN_OBJC_ROOT_CLASS = YES_ERROR;
				CLANG_WARN_RANGE_LOOP_ANALYSIS = YES;
				CLANG_WARN_STRICT_PROTOTYPES = YES;
				CLANG_WARN_SUSPICIOUS_MOVE = YES;
				CLANG_WARN_UNGUARDED_AVAILABILITY = YES_AGGRESSIVE;
				CLANG_WARN_UNREACHABLE_CODE = YES;
				CLANG_WARN__DUPLICATE_METHOD_MATCH = YES;
				CODE_SIGN_IDENTITY = "iPhone Developer";
				COPY_PHASE_STRIP = NO;
				DEBUG_INFORMATION_FORMAT = "dwarf-with-dsym";
				ENABLE_NS_ASSERTIONS = NO;
				ENABLE_STRICT_OBJC_MSGSEND = YES;
				GCC_C_LANGUAGE_STANDARD = gnu11;
				GCC_NO_COMMON_BLOCKS = YES;
				GCC_WARN_64_TO_32_BIT_CONVERSION = YES;
				GCC_WARN_ABOUT_RETURN_TYPE = YES_ERROR;
				GCC_WARN_UNDECLARED_SELECTOR = YES;
				GCC_WARN_UNINITIALIZED_AUTOS = YES_AGGRESSIVE;
				GCC_WARN_UNUSED_FUNCTION = YES;
				GCC_WARN_UNUSED_VARIABLE = YES;
				IPHONEOS_DEPLOYMENT_TARGET = 12.1;
				MTL_ENABLE_DEBUG_INFO = NO;
				MTL_FAST_MATH = YES;
				SDKROOT = iphoneos;
				SWIFT_COMPILATION_MODE = wholemodule;
				SWIFT_OPTIMIZATION_LEVEL = "-O";
				VALIDATE_PRODUCT = YES;
			};
			name = Release;
		};
		4FC64A762215248A00C60813 /* Debug */ = {
			isa = XCBuildConfiguration;
			baseConfigurationReference = D9ABFA614071D2E805FE3AA6 /* Pods-CallingRestServices.debug.xcconfig */;
			buildSettings = {
				ASSETCATALOG_COMPILER_APPICON_NAME = AppIcon;
				CODE_SIGN_STYLE = Automatic;
				DEVELOPMENT_TEAM = FZ45Y97YD4;
				INFOPLIST_FILE = CallingRestServices/Info.plist;
				LD_RUNPATH_SEARCH_PATHS = (
					"$(inherited)",
					"@executable_path/Frameworks",
				);
				PRODUCT_BUNDLE_IDENTIFIER = Sme.Angeles.com.mx.CallingRestServices;
				PRODUCT_NAME = "$(TARGET_NAME)";
				SWIFT_VERSION = 4.2;
				TARGETED_DEVICE_FAMILY = "1,2";
			};
			name = Debug;
		};
		4FC64A772215248A00C60813 /* Release */ = {
			isa = XCBuildConfiguration;
			baseConfigurationReference = 5B81902F34D456693788F69A /* Pods-CallingRestServices.release.xcconfig */;
			buildSettings = {
				ASSETCATALOG_COMPILER_APPICON_NAME = AppIcon;
				CODE_SIGN_STYLE = Automatic;
				DEVELOPMENT_TEAM = FZ45Y97YD4;
				INFOPLIST_FILE = CallingRestServices/Info.plist;
				LD_RUNPATH_SEARCH_PATHS = (
					"$(inherited)",
					"@executable_path/Frameworks",
				);
				PRODUCT_BUNDLE_IDENTIFIER = Sme.Angeles.com.mx.CallingRestServices;
				PRODUCT_NAME = "$(TARGET_NAME)";
				SWIFT_VERSION = 4.2;
				TARGETED_DEVICE_FAMILY = "1,2";
			};
			name = Release;
		};
/* End XCBuildConfiguration section */

/* Begin XCConfigurationList section */
		4FC64A5E2215248800C60813 /* Build configuration list for PBXProject "CallingRestServices" */ = {
			isa = XCConfigurationList;
			buildConfigurations = (
				4FC64A732215248A00C60813 /* Debug */,
				4FC64A742215248A00C60813 /* Release */,
			);
			defaultConfigurationIsVisible = 0;
			defaultConfigurationName = Release;
		};
		4FC64A752215248A00C60813 /* Build configuration list for PBXNativeTarget "CallingRestServices" */ = {
			isa = XCConfigurationList;
			buildConfigurations = (
				4FC64A762215248A00C60813 /* Debug */,
				4FC64A772215248A00C60813 /* Release */,
			);
			defaultConfigurationIsVisible = 0;
			defaultConfigurationName = Release;
		};
/* End XCConfigurationList section */
	};
	rootObject = 4FC64A5B2215248800C60813 /* Project object */;
}
